
Microsoft Visual Studio Solution File, Format Version 12.00
# Visual Studio Version 16
VisualStudioVersion = 16.0.31112.23
MinimumVisualStudioVersion = 15.0.26124.0
Project("{2150E333-8FDC-42A3-9474-1A3956D46DE8}") = "src", "src", "{41CB898A-B997-43A3-8A0D-9857AE82E7FA}"
EndProject
Project("{9A19103F-16F7-4668-BE54-9A1E7A4F7556}") = "Trsys.Web", "src\Trsys.Web\Trsys.Web.csproj", "{55A2356E-EB45-4779-BA1A-DC889C2604A6}"
EndProject
Project("{2150E333-8FDC-42A3-9474-1A3956D46DE8}") = "tests", "tests", "{EA8B721E-79AC-4D9B-9506-402BC5D87B29}"
EndProject
Project("{9A19103F-16F7-4668-BE54-9A1E7A4F7556}") = "Trsys.Web.Tests", "tests\Trsys.Web.Tests\Trsys.Web.Tests.csproj", "{6F7E5A4C-C75F-4D43-A4EE-7F63CA552EEE}"
EndProject
Project("{9A19103F-16F7-4668-BE54-9A1E7A4F7556}") = "LoadTesting", "tests\LoadTesting\LoadTesting.csproj", "{3127CD99-8AA5-4088-8875-D3B5064D5C0B}"
EndProject
Project("{9A19103F-16F7-4668-BE54-9A1E7A4F7556}") = "Trsys.Web.Models", "src\Trsys.Web.Models\Trsys.Web.Models.csproj", "{33E80C1B-C020-43D4-A65A-07DC54744604}"
EndProject
Project("{9A19103F-16F7-4668-BE54-9A1E7A4F7556}") = "Trsys.Web.Models.Tests", "tests\Trsys.Web.Models.Tests\Trsys.Web.Models.Tests.csproj", "{DDC45510-FAE8-4EF9-B5A0-97D0DD5AD13D}"
EndProject
Project("{FAE04EC0-301F-11D3-BF4B-00C04F79EFBC}") = "Trsys.Web.Infrastructure", "src\Trsys.Web.Infrastructure\Trsys.Web.Infrastructure.csproj", "{B574E675-376B-4DF6-8435-CFE0B10BB23A}"
EndProject
Project("{FAE04EC0-301F-11D3-BF4B-00C04F79EFBC}") = "Trsys.Web.Infrastructure.Tests", "tests\Trsys.Web.Infrastructure.Tests\Trsys.Web.Infrastructure.Tests.csproj", "{0D01447E-D6FB-423E-86EF-AE2EB5D8B9D5}"
EndProject
Global
	GlobalSection(SolutionConfigurationPlatforms) = preSolution
		Debug|Any CPU = Debug|Any CPU
		Debug|x64 = Debug|x64
		Debug|x86 = Debug|x86
		Release|Any CPU = Release|Any CPU
		Release|x64 = Release|x64
		Release|x86 = Release|x86
	EndGlobalSection
	GlobalSection(ProjectConfigurationPlatforms) = postSolution
		{55A2356E-EB45-4779-BA1A-DC889C2604A6}.Debug|Any CPU.ActiveCfg = Debug|Any CPU
		{55A2356E-EB45-4779-BA1A-DC889C2604A6}.Debug|Any CPU.Build.0 = Debug|Any CPU
		{55A2356E-EB45-4779-BA1A-DC889C2604A6}.Debug|x64.ActiveCfg = Debug|Any CPU
		{55A2356E-EB45-4779-BA1A-DC889C2604A6}.Debug|x64.Build.0 = Debug|Any CPU
		{55A2356E-EB45-4779-BA1A-DC889C2604A6}.Debug|x86.ActiveCfg = Debug|Any CPU
		{55A2356E-EB45-4779-BA1A-DC889C2604A6}.Debug|x86.Build.0 = Debug|Any CPU
		{55A2356E-EB45-4779-BA1A-DC889C2604A6}.Release|Any CPU.ActiveCfg = Release|Any CPU
		{55A2356E-EB45-4779-BA1A-DC889C2604A6}.Release|Any CPU.Build.0 = Release|Any CPU
		{55A2356E-EB45-4779-BA1A-DC889C2604A6}.Release|x64.ActiveCfg = Release|Any CPU
		{55A2356E-EB45-4779-BA1A-DC889C2604A6}.Release|x64.Build.0 = Release|Any CPU
		{55A2356E-EB45-4779-BA1A-DC889C2604A6}.Release|x86.ActiveCfg = Release|Any CPU
		{55A2356E-EB45-4779-BA1A-DC889C2604A6}.Release|x86.Build.0 = Release|Any CPU
		{6F7E5A4C-C75F-4D43-A4EE-7F63CA552EEE}.Debug|Any CPU.ActiveCfg = Debug|Any CPU
		{6F7E5A4C-C75F-4D43-A4EE-7F63CA552EEE}.Debug|Any CPU.Build.0 = Debug|Any CPU
		{6F7E5A4C-C75F-4D43-A4EE-7F63CA552EEE}.Debug|x64.ActiveCfg = Debug|Any CPU
		{6F7E5A4C-C75F-4D43-A4EE-7F63CA552EEE}.Debug|x64.Build.0 = Debug|Any CPU
		{6F7E5A4C-C75F-4D43-A4EE-7F63CA552EEE}.Debug|x86.ActiveCfg = Debug|Any CPU
		{6F7E5A4C-C75F-4D43-A4EE-7F63CA552EEE}.Debug|x86.Build.0 = Debug|Any CPU
		{6F7E5A4C-C75F-4D43-A4EE-7F63CA552EEE}.Release|Any CPU.ActiveCfg = Release|Any CPU
		{6F7E5A4C-C75F-4D43-A4EE-7F63CA552EEE}.Release|Any CPU.Build.0 = Release|Any CPU
		{6F7E5A4C-C75F-4D43-A4EE-7F63CA552EEE}.Release|x64.ActiveCfg = Release|Any CPU
		{6F7E5A4C-C75F-4D43-A4EE-7F63CA552EEE}.Release|x64.Build.0 = Release|Any CPU
		{6F7E5A4C-C75F-4D43-A4EE-7F63CA552EEE}.Release|x86.ActiveCfg = Release|Any CPU
		{6F7E5A4C-C75F-4D43-A4EE-7F63CA552EEE}.Release|x86.Build.0 = Release|Any CPU
		{3127CD99-8AA5-4088-8875-D3B5064D5C0B}.Debug|Any CPU.ActiveCfg = Debug|Any CPU
		{3127CD99-8AA5-4088-8875-D3B5064D5C0B}.Debug|Any CPU.Build.0 = Debug|Any CPU
		{3127CD99-8AA5-4088-8875-D3B5064D5C0B}.Debug|x64.ActiveCfg = Debug|Any CPU
		{3127CD99-8AA5-4088-8875-D3B5064D5C0B}.Debug|x64.Build.0 = Debug|Any CPU
		{3127CD99-8AA5-4088-8875-D3B5064D5C0B}.Debug|x86.ActiveCfg = Debug|Any CPU
		{3127CD99-8AA5-4088-8875-D3B5064D5C0B}.Debug|x86.Build.0 = Debug|Any CPU
		{3127CD99-8AA5-4088-8875-D3B5064D5C0B}.Release|Any CPU.ActiveCfg = Release|Any CPU
		{3127CD99-8AA5-4088-8875-D3B5064D5C0B}.Release|Any CPU.Build.0 = Release|Any CPU
		{3127CD99-8AA5-4088-8875-D3B5064D5C0B}.Release|x64.ActiveCfg = Release|Any CPU
		{3127CD99-8AA5-4088-8875-D3B5064D5C0B}.Release|x64.Build.0 = Release|Any CPU
		{3127CD99-8AA5-4088-8875-D3B5064D5C0B}.Release|x86.ActiveCfg = Release|Any CPU
		{3127CD99-8AA5-4088-8875-D3B5064D5C0B}.Release|x86.Build.0 = Release|Any CPU
		{33E80C1B-C020-43D4-A65A-07DC54744604}.Debug|Any CPU.ActiveCfg = Debug|Any CPU
		{33E80C1B-C020-43D4-A65A-07DC54744604}.Debug|Any CPU.Build.0 = Debug|Any CPU
		{33E80C1B-C020-43D4-A65A-07DC54744604}.Debug|x64.ActiveCfg = Debug|Any CPU
		{33E80C1B-C020-43D4-A65A-07DC54744604}.Debug|x64.Build.0 = Debug|Any CPU
		{33E80C1B-C020-43D4-A65A-07DC54744604}.Debug|x86.ActiveCfg = Debug|Any CPU
		{33E80C1B-C020-43D4-A65A-07DC54744604}.Debug|x86.Build.0 = Debug|Any CPU
		{33E80C1B-C020-43D4-A65A-07DC54744604}.Release|Any CPU.ActiveCfg = Release|Any CPU
		{33E80C1B-C020-43D4-A65A-07DC54744604}.Release|Any CPU.Build.0 = Release|Any CPU
		{33E80C1B-C020-43D4-A65A-07DC54744604}.Release|x64.ActiveCfg = Release|Any CPU
		{33E80C1B-C020-43D4-A65A-07DC54744604}.Release|x64.Build.0 = Release|Any CPU
		{33E80C1B-C020-43D4-A65A-07DC54744604}.Release|x86.ActiveCfg = Release|Any CPU
		{33E80C1B-C020-43D4-A65A-07DC54744604}.Release|x86.Build.0 = Release|Any CPU
		{DDC45510-FAE8-4EF9-B5A0-97D0DD5AD13D}.Debug|Any CPU.ActiveCfg = Debug|Any CPU
		{DDC45510-FAE8-4EF9-B5A0-97D0DD5AD13D}.Debug|Any CPU.Build.0 = Debug|Any CPU
		{DDC45510-FAE8-4EF9-B5A0-97D0DD5AD13D}.Debug|x64.ActiveCfg = Debug|Any CPU
		{DDC45510-FAE8-4EF9-B5A0-97D0DD5AD13D}.Debug|x64.Build.0 = Debug|Any CPU
		{DDC45510-FAE8-4EF9-B5A0-97D0DD5AD13D}.Debug|x86.ActiveCfg = Debug|Any CPU
		{DDC45510-FAE8-4EF9-B5A0-97D0DD5AD13D}.Debug|x86.Build.0 = Debug|Any CPU
		{DDC45510-FAE8-4EF9-B5A0-97D0DD5AD13D}.Release|Any CPU.ActiveCfg = Release|Any CPU
		{DDC45510-FAE8-4EF9-B5A0-97D0DD5AD13D}.Release|Any CPU.Build.0 = Release|Any CPU
		{DDC45510-FAE8-4EF9-B5A0-97D0DD5AD13D}.Release|x64.ActiveCfg = Release|Any CPU
		{DDC45510-FAE8-4EF9-B5A0-97D0DD5AD13D}.Release|x64.Build.0 = Release|Any CPU
		{DDC45510-FAE8-4EF9-B5A0-97D0DD5AD13D}.Release|x86.ActiveCfg = Release|Any CPU
		{DDC45510-FAE8-4EF9-B5A0-97D0DD5AD13D}.Release|x86.Build.0 = Release|Any CPU
		{B574E675-376B-4DF6-8435-CFE0B10BB23A}.Debug|Any CPU.ActiveCfg = Debug|Any CPU
		{B574E675-376B-4DF6-8435-CFE0B10BB23A}.Debug|Any CPU.Build.0 = Debug|Any CPU
		{B574E675-376B-4DF6-8435-CFE0B10BB23A}.Debug|x64.ActiveCfg = Debug|Any CPU
		{B574E675-376B-4DF6-8435-CFE0B10BB23A}.Debug|x64.Build.0 = Debug|Any CPU
		{B574E675-376B-4DF6-8435-CFE0B10BB23A}.Debug|x86.ActiveCfg = Debug|Any CPU
		{B574E675-376B-4DF6-8435-CFE0B10BB23A}.Debug|x86.Build.0 = Debug|Any CPU
		{B574E675-376B-4DF6-8435-CFE0B10BB23A}.Release|Any CPU.ActiveCfg = Release|Any CPU
		{B574E675-376B-4DF6-8435-CFE0B10BB23A}.Release|Any CPU.Build.0 = Release|Any CPU
		{B574E675-376B-4DF6-8435-CFE0B10BB23A}.Release|x64.ActiveCfg = Release|Any CPU
		{B574E675-376B-4DF6-8435-CFE0B10BB23A}.Release|x64.Build.0 = Release|Any CPU
		{B574E675-376B-4DF6-8435-CFE0B10BB23A}.Release|x86.ActiveCfg = Release|Any CPU
		{B574E675-376B-4DF6-8435-CFE0B10BB23A}.Release|x86.Build.0 = Release|Any CPU
		{0D01447E-D6FB-423E-86EF-AE2EB5D8B9D5}.Debug|Any CPU.ActiveCfg = Debug|Any CPU
		{0D01447E-D6FB-423E-86EF-AE2EB5D8B9D5}.Debug|Any CPU.Build.0 = Debug|Any CPU
		{0D01447E-D6FB-423E-86EF-AE2EB5D8B9D5}.Debug|x64.ActiveCfg = Debug|Any CPU
		{0D01447E-D6FB-423E-86EF-AE2EB5D8B9D5}.Debug|x64.Build.0 = Debug|Any CPU
		{0D01447E-D6FB-423E-86EF-AE2EB5D8B9D5}.Debug|x86.ActiveCfg = Debug|Any CPU
		{0D01447E-D6FB-423E-86EF-AE2EB5D8B9D5}.Debug|x86.Build.0 = Debug|Any CPU
		{0D01447E-D6FB-423E-86EF-AE2EB5D8B9D5}.Release|Any CPU.ActiveCfg = Release|Any CPU
		{0D01447E-D6FB-423E-86EF-AE2EB5D8B9D5}.Release|Any CPU.Build.0 = Release|Any CPU
		{0D01447E-D6FB-423E-86EF-AE2EB5D8B9D5}.Release|x64.ActiveCfg = Release|Any CPU
		{0D01447E-D6FB-423E-86EF-AE2EB5D8B9D5}.Release|x64.Build.0 = Release|Any CPU
		{0D01447E-D6FB-423E-86EF-AE2EB5D8B9D5}.Release|x86.ActiveCfg = Release|Any CPU
		{0D01447E-D6FB-423E-86EF-AE2EB5D8B9D5}.Release|x86.Build.0 = Release|Any CPU
	EndGlobalSection
	GlobalSection(SolutionProperties) = preSolution
		HideSolutionNode = FALSE
	EndGlobalSection
	GlobalSection(NestedProjects) = preSolution
		{55A2356E-EB45-4779-BA1A-DC889C2604A6} = {41CB898A-B997-43A3-8A0D-9857AE82E7FA}
		{6F7E5A4C-C75F-4D43-A4EE-7F63CA552EEE} = {EA8B721E-79AC-4D9B-9506-402BC5D87B29}
		{3127CD99-8AA5-4088-8875-D3B5064D5C0B} = {EA8B721E-79AC-4D9B-9506-402BC5D87B29}
		{33E80C1B-C020-43D4-A65A-07DC54744604} = {41CB898A-B997-43A3-8A0D-9857AE82E7FA}
		{DDC45510-FAE8-4EF9-B5A0-97D0DD5AD13D} = {EA8B721E-79AC-4D9B-9506-402BC5D87B29}
		{B574E675-376B-4DF6-8435-CFE0B10BB23A} = {41CB898A-B997-43A3-8A0D-9857AE82E7FA}
		{0D01447E-D6FB-423E-86EF-AE2EB5D8B9D5} = {EA8B721E-79AC-4D9B-9506-402BC5D87B29}
	EndGlobalSection
	GlobalSection(ExtensibilityGlobals) = postSolution
		SolutionGuid = {5702F9E8-98AB-4354-BB7F-ADE5C90411B1}
	EndGlobalSection
EndGlobal
